
Microsoft Visual Studio Solution File, Format Version 12.00
# Visual Studio Version 17
VisualStudioVersion = 17.9.34714.143
MinimumVisualStudioVersion = 10.0.40219.1
Project("{FAE04EC0-301F-11D3-BF4B-00C04F79EFBC}") = "AulaMarcos_SaveGit", "AulaMarcos_SaveGit\AulaMarcos_SaveGit.csproj", "{40723603-EE1E-4F68-AC74-F085349D5716}"
EndProject
Global
	GlobalSection(SolutionConfigurationPlatforms) = preSolution
		Debug|Any CPU = Debug|Any CPU
		Release|Any CPU = Release|Any CPU
	EndGlobalSection
	GlobalSection(ProjectConfigurationPlatforms) = postSolution
		{40723603-EE1E-4F68-AC74-F085349D5716}.Debug|Any CPU.ActiveCfg = Debug|Any CPU
		{40723603-EE1E-4F68-AC74-F085349D5716}.Debug|Any CPU.Build.0 = Debug|Any CPU
		{40723603-EE1E-4F68-AC74-F085349D5716}.Release|Any CPU.ActiveCfg = Release|Any CPU
		{40723603-EE1E-4F68-AC74-F085349D5716}.Release|Any CPU.Build.0 = Release|Any CPU
	EndGlobalSection
	GlobalSection(SolutionProperties) = preSolution
		HideSolutionNode = FALSE
	EndGlobalSection
	GlobalSection(ExtensibilityGlobals) = postSolution
		SolutionGuid = {030DFC54-8081-413B-B2C8-901E4D3E78F0}
	EndGlobalSection
EndGlobal
